
Microsoft Visual Studio Solution File, Format Version 12.00
Project("{FAE04EC0-301F-11D3-BF4B-00C04F79EFBC}") = "HandlerIO", "HandlerIO\HandlerIO.csproj", "{7475305F-71DE-43B9-A6BA-676660D80488}"
EndProject
Project("{FAE04EC0-301F-11D3-BF4B-00C04F79EFBC}") = "TestIOHandler", "TestIOHandler\TestIOHandler.csproj", "{19619D2E-FF9F-4BC5-8660-95F83F6AF3FC}"
EndProject
Global
	GlobalSection(SolutionConfigurationPlatforms) = preSolution
		Debug|Any CPU = Debug|Any CPU
		Release|Any CPU = Release|Any CPU
	EndGlobalSection
	GlobalSection(ProjectConfigurationPlatforms) = postSolution
		{7475305F-71DE-43B9-A6BA-676660D80488}.Debug|Any CPU.ActiveCfg = Debug|Any CPU
		{7475305F-71DE-43B9-A6BA-676660D80488}.Debug|Any CPU.Build.0 = Debug|Any CPU
		{7475305F-71DE-43B9-A6BA-676660D80488}.Release|Any CPU.ActiveCfg = Release|Any CPU
		{7475305F-71DE-43B9-A6BA-676660D80488}.Release|Any CPU.Build.0 = Release|Any CPU
		{19619D2E-FF9F-4BC5-8660-95F83F6AF3FC}.Debug|Any CPU.ActiveCfg = Debug|Any CPU
		{19619D2E-FF9F-4BC5-8660-95F83F6AF3FC}.Debug|Any CPU.Build.0 = Debug|Any CPU
		{19619D2E-FF9F-4BC5-8660-95F83F6AF3FC}.Release|Any CPU.ActiveCfg = Release|Any CPU
		{19619D2E-FF9F-4BC5-8660-95F83F6AF3FC}.Release|Any CPU.Build.0 = Release|Any CPU
	EndGlobalSection
EndGlobal
